
Microsoft Visual Studio Solution File, Format Version 12.00
# Visual Studio Version 17
VisualStudioVersion = 17.7.34024.191
MinimumVisualStudioVersion = 10.0.40219.1
Project("{9A19103F-16F7-4668-BE54-9A1E7A4F7556}") = "ConsoleApp1", "ConsoleApp1\ConsoleApp1.csproj", "{2289753F-403A-481D-9440-06019EE8FF7D}"
EndProject
Project("{9A19103F-16F7-4668-BE54-9A1E7A4F7556}") = "Lesson2", "Lesson2\Lesson2.csproj", "{18EA38ED-2B50-4698-8FE5-AA5B7B06ED2A}"
EndProject
Project("{9A19103F-16F7-4668-BE54-9A1E7A4F7556}") = "Lesson3", "Lesson3\Lesson3.csproj", "{FD714AF0-0627-4A81-AFB8-C375BC0FCF64}"
EndProject
Project("{9A19103F-16F7-4668-BE54-9A1E7A4F7556}") = "LessonTemp", "LessonTemp\LessonTemp.csproj", "{463F91A7-EBFA-4A7E-A7B5-E3D16E4A94E0}"
EndProject
Project("{9A19103F-16F7-4668-BE54-9A1E7A4F7556}") = "Lesson4", "Lesson4\Lesson4.csproj", "{24925418-8764-4CEA-B047-E65D752E1A9B}"
EndProject
Project("{9A19103F-16F7-4668-BE54-9A1E7A4F7556}") = "Lesson5", "Lesson5\Lesson5.csproj", "{02CBF50F-9DD4-45A3-ADED-696D1BAE84E9}"
EndProject
Project("{9A19103F-16F7-4668-BE54-9A1E7A4F7556}") = "Lesson6", "Lesson6\Lesson6.csproj", "{1B60F506-52D8-48A1-97A7-ECE7C2D47372}"
EndProject
Project("{9A19103F-16F7-4668-BE54-9A1E7A4F7556}") = "stuff", "stuff\stuff.csproj", "{81561A51-E512-47B5-A29A-7D2F41B31F16}"
EndProject
Project("{9A19103F-16F7-4668-BE54-9A1E7A4F7556}") = "Lesson7", "Lesson7\Lesson7.csproj", "{BE88DD24-FF56-4347-9C36-94BA7AC73582}"
EndProject
Project("{9A19103F-16F7-4668-BE54-9A1E7A4F7556}") = "Lesson8", "Lesson8\Lesson8.csproj", "{8D87AF74-3543-4937-8415-7DB1F2DB4220}"
EndProject
Project("{9A19103F-16F7-4668-BE54-9A1E7A4F7556}") = "Lesson9", "Lesson9\Lesson9.csproj", "{E427BB3B-CF50-4D2A-A025-10E1114A1EBD}"
EndProject
Project("{2150E333-8FDC-42A3-9474-1A3956D46DE8}") = "Solution Items", "Solution Items", "{F32FC1DF-86F4-46BF-9B33-CEF04E700EC1}"
	ProjectSection(SolutionItems) = preProject
		.editorconfig = .editorconfig
	EndProjectSection
EndProject
Global
	GlobalSection(SolutionConfigurationPlatforms) = preSolution
		Debug|Any CPU = Debug|Any CPU
		Debug|x64 = Debug|x64
		Debug|x86 = Debug|x86
		Release|Any CPU = Release|Any CPU
		Release|x64 = Release|x64
		Release|x86 = Release|x86
	EndGlobalSection
	GlobalSection(ProjectConfigurationPlatforms) = postSolution
		{2289753F-403A-481D-9440-06019EE8FF7D}.Debug|Any CPU.ActiveCfg = Debug|Any CPU
		{2289753F-403A-481D-9440-06019EE8FF7D}.Debug|Any CPU.Build.0 = Debug|Any CPU
		{2289753F-403A-481D-9440-06019EE8FF7D}.Debug|x64.ActiveCfg = Debug|Any CPU
		{2289753F-403A-481D-9440-06019EE8FF7D}.Debug|x64.Build.0 = Debug|Any CPU
		{2289753F-403A-481D-9440-06019EE8FF7D}.Debug|x86.ActiveCfg = Debug|Any CPU
		{2289753F-403A-481D-9440-06019EE8FF7D}.Debug|x86.Build.0 = Debug|Any CPU
		{2289753F-403A-481D-9440-06019EE8FF7D}.Release|Any CPU.ActiveCfg = Release|Any CPU
		{2289753F-403A-481D-9440-06019EE8FF7D}.Release|Any CPU.Build.0 = Release|Any CPU
		{2289753F-403A-481D-9440-06019EE8FF7D}.Release|x64.ActiveCfg = Release|Any CPU
		{2289753F-403A-481D-9440-06019EE8FF7D}.Release|x64.Build.0 = Release|Any CPU
		{2289753F-403A-481D-9440-06019EE8FF7D}.Release|x86.ActiveCfg = Release|Any CPU
		{2289753F-403A-481D-9440-06019EE8FF7D}.Release|x86.Build.0 = Release|Any CPU
		{18EA38ED-2B50-4698-8FE5-AA5B7B06ED2A}.Debug|Any CPU.ActiveCfg = Debug|Any CPU
		{18EA38ED-2B50-4698-8FE5-AA5B7B06ED2A}.Debug|Any CPU.Build.0 = Debug|Any CPU
		{18EA38ED-2B50-4698-8FE5-AA5B7B06ED2A}.Debug|x64.ActiveCfg = Debug|Any CPU
		{18EA38ED-2B50-4698-8FE5-AA5B7B06ED2A}.Debug|x64.Build.0 = Debug|Any CPU
		{18EA38ED-2B50-4698-8FE5-AA5B7B06ED2A}.Debug|x86.ActiveCfg = Debug|Any CPU
		{18EA38ED-2B50-4698-8FE5-AA5B7B06ED2A}.Debug|x86.Build.0 = Debug|Any CPU
		{18EA38ED-2B50-4698-8FE5-AA5B7B06ED2A}.Release|Any CPU.ActiveCfg = Release|Any CPU
		{18EA38ED-2B50-4698-8FE5-AA5B7B06ED2A}.Release|Any CPU.Build.0 = Release|Any CPU
		{18EA38ED-2B50-4698-8FE5-AA5B7B06ED2A}.Release|x64.ActiveCfg = Release|Any CPU
		{18EA38ED-2B50-4698-8FE5-AA5B7B06ED2A}.Release|x64.Build.0 = Release|Any CPU
		{18EA38ED-2B50-4698-8FE5-AA5B7B06ED2A}.Release|x86.ActiveCfg = Release|Any CPU
		{18EA38ED-2B50-4698-8FE5-AA5B7B06ED2A}.Release|x86.Build.0 = Release|Any CPU
		{FD714AF0-0627-4A81-AFB8-C375BC0FCF64}.Debug|Any CPU.ActiveCfg = Debug|Any CPU
		{FD714AF0-0627-4A81-AFB8-C375BC0FCF64}.Debug|Any CPU.Build.0 = Debug|Any CPU
		{FD714AF0-0627-4A81-AFB8-C375BC0FCF64}.Debug|x64.ActiveCfg = Debug|Any CPU
		{FD714AF0-0627-4A81-AFB8-C375BC0FCF64}.Debug|x64.Build.0 = Debug|Any CPU
		{FD714AF0-0627-4A81-AFB8-C375BC0FCF64}.Debug|x86.ActiveCfg = Debug|Any CPU
		{FD714AF0-0627-4A81-AFB8-C375BC0FCF64}.Debug|x86.Build.0 = Debug|Any CPU
		{FD714AF0-0627-4A81-AFB8-C375BC0FCF64}.Release|Any CPU.ActiveCfg = Release|Any CPU
		{FD714AF0-0627-4A81-AFB8-C375BC0FCF64}.Release|Any CPU.Build.0 = Release|Any CPU
		{FD714AF0-0627-4A81-AFB8-C375BC0FCF64}.Release|x64.ActiveCfg = Release|Any CPU
		{FD714AF0-0627-4A81-AFB8-C375BC0FCF64}.Release|x64.Build.0 = Release|Any CPU
		{FD714AF0-0627-4A81-AFB8-C375BC0FCF64}.Release|x86.ActiveCfg = Release|Any CPU
		{FD714AF0-0627-4A81-AFB8-C375BC0FCF64}.Release|x86.Build.0 = Release|Any CPU
		{463F91A7-EBFA-4A7E-A7B5-E3D16E4A94E0}.Debug|Any CPU.ActiveCfg = Debug|Any CPU
		{463F91A7-EBFA-4A7E-A7B5-E3D16E4A94E0}.Debug|Any CPU.Build.0 = Debug|Any CPU
		{463F91A7-EBFA-4A7E-A7B5-E3D16E4A94E0}.Debug|x64.ActiveCfg = Debug|Any CPU
		{463F91A7-EBFA-4A7E-A7B5-E3D16E4A94E0}.Debug|x64.Build.0 = Debug|Any CPU
		{463F91A7-EBFA-4A7E-A7B5-E3D16E4A94E0}.Debug|x86.ActiveCfg = Debug|Any CPU
		{463F91A7-EBFA-4A7E-A7B5-E3D16E4A94E0}.Debug|x86.Build.0 = Debug|Any CPU
		{463F91A7-EBFA-4A7E-A7B5-E3D16E4A94E0}.Release|Any CPU.ActiveCfg = Release|Any CPU
		{463F91A7-EBFA-4A7E-A7B5-E3D16E4A94E0}.Release|Any CPU.Build.0 = Release|Any CPU
		{463F91A7-EBFA-4A7E-A7B5-E3D16E4A94E0}.Release|x64.ActiveCfg = Release|Any CPU
		{463F91A7-EBFA-4A7E-A7B5-E3D16E4A94E0}.Release|x64.Build.0 = Release|Any CPU
		{463F91A7-EBFA-4A7E-A7B5-E3D16E4A94E0}.Release|x86.ActiveCfg = Release|Any CPU
		{463F91A7-EBFA-4A7E-A7B5-E3D16E4A94E0}.Release|x86.Build.0 = Release|Any CPU
		{24925418-8764-4CEA-B047-E65D752E1A9B}.Debug|Any CPU.ActiveCfg = Debug|Any CPU
		{24925418-8764-4CEA-B047-E65D752E1A9B}.Debug|Any CPU.Build.0 = Debug|Any CPU
		{24925418-8764-4CEA-B047-E65D752E1A9B}.Debug|x64.ActiveCfg = Debug|Any CPU
		{24925418-8764-4CEA-B047-E65D752E1A9B}.Debug|x64.Build.0 = Debug|Any CPU
		{24925418-8764-4CEA-B047-E65D752E1A9B}.Debug|x86.ActiveCfg = Debug|Any CPU
		{24925418-8764-4CEA-B047-E65D752E1A9B}.Debug|x86.Build.0 = Debug|Any CPU
		{24925418-8764-4CEA-B047-E65D752E1A9B}.Release|Any CPU.ActiveCfg = Release|Any CPU
		{24925418-8764-4CEA-B047-E65D752E1A9B}.Release|Any CPU.Build.0 = Release|Any CPU
		{24925418-8764-4CEA-B047-E65D752E1A9B}.Release|x64.ActiveCfg = Release|Any CPU
		{24925418-8764-4CEA-B047-E65D752E1A9B}.Release|x64.Build.0 = Release|Any CPU
		{24925418-8764-4CEA-B047-E65D752E1A9B}.Release|x86.ActiveCfg = Release|Any CPU
		{24925418-8764-4CEA-B047-E65D752E1A9B}.Release|x86.Build.0 = Release|Any CPU
		{02CBF50F-9DD4-45A3-ADED-696D1BAE84E9}.Debug|Any CPU.ActiveCfg = Debug|Any CPU
		{02CBF50F-9DD4-45A3-ADED-696D1BAE84E9}.Debug|Any CPU.Build.0 = Debug|Any CPU
		{02CBF50F-9DD4-45A3-ADED-696D1BAE84E9}.Debug|x64.ActiveCfg = Debug|Any CPU
		{02CBF50F-9DD4-45A3-ADED-696D1BAE84E9}.Debug|x64.Build.0 = Debug|Any CPU
		{02CBF50F-9DD4-45A3-ADED-696D1BAE84E9}.Debug|x86.ActiveCfg = Debug|Any CPU
		{02CBF50F-9DD4-45A3-ADED-696D1BAE84E9}.Debug|x86.Build.0 = Debug|Any CPU
		{02CBF50F-9DD4-45A3-ADED-696D1BAE84E9}.Release|Any CPU.ActiveCfg = Release|Any CPU
		{02CBF50F-9DD4-45A3-ADED-696D1BAE84E9}.Release|Any CPU.Build.0 = Release|Any CPU
		{02CBF50F-9DD4-45A3-ADED-696D1BAE84E9}.Release|x64.ActiveCfg = Release|Any CPU
		{02CBF50F-9DD4-45A3-ADED-696D1BAE84E9}.Release|x64.Build.0 = Release|Any CPU
		{02CBF50F-9DD4-45A3-ADED-696D1BAE84E9}.Release|x86.ActiveCfg = Release|Any CPU
		{02CBF50F-9DD4-45A3-ADED-696D1BAE84E9}.Release|x86.Build.0 = Release|Any CPU
		{1B60F506-52D8-48A1-97A7-ECE7C2D47372}.Debug|Any CPU.ActiveCfg = Debug|Any CPU
		{1B60F506-52D8-48A1-97A7-ECE7C2D47372}.Debug|Any CPU.Build.0 = Debug|Any CPU
		{1B60F506-52D8-48A1-97A7-ECE7C2D47372}.Debug|x64.ActiveCfg = Debug|Any CPU
		{1B60F506-52D8-48A1-97A7-ECE7C2D47372}.Debug|x64.Build.0 = Debug|Any CPU
		{1B60F506-52D8-48A1-97A7-ECE7C2D47372}.Debug|x86.ActiveCfg = Debug|Any CPU
		{1B60F506-52D8-48A1-97A7-ECE7C2D47372}.Debug|x86.Build.0 = Debug|Any CPU
		{1B60F506-52D8-48A1-97A7-ECE7C2D47372}.Release|Any CPU.ActiveCfg = Release|Any CPU
		{1B60F506-52D8-48A1-97A7-ECE7C2D47372}.Release|Any CPU.Build.0 = Release|Any CPU
		{1B60F506-52D8-48A1-97A7-ECE7C2D47372}.Release|x64.ActiveCfg = Release|Any CPU
		{1B60F506-52D8-48A1-97A7-ECE7C2D47372}.Release|x64.Build.0 = Release|Any CPU
		{1B60F506-52D8-48A1-97A7-ECE7C2D47372}.Release|x86.ActiveCfg = Release|Any CPU
		{1B60F506-52D8-48A1-97A7-ECE7C2D47372}.Release|x86.Build.0 = Release|Any CPU
		{81561A51-E512-47B5-A29A-7D2F41B31F16}.Debug|Any CPU.ActiveCfg = Debug|Any CPU
		{81561A51-E512-47B5-A29A-7D2F41B31F16}.Debug|Any CPU.Build.0 = Debug|Any CPU
		{81561A51-E512-47B5-A29A-7D2F41B31F16}.Debug|x64.ActiveCfg = Debug|Any CPU
		{81561A51-E512-47B5-A29A-7D2F41B31F16}.Debug|x64.Build.0 = Debug|Any CPU
		{81561A51-E512-47B5-A29A-7D2F41B31F16}.Debug|x86.ActiveCfg = Debug|Any CPU
		{81561A51-E512-47B5-A29A-7D2F41B31F16}.Debug|x86.Build.0 = Debug|Any CPU
		{81561A51-E512-47B5-A29A-7D2F41B31F16}.Release|Any CPU.ActiveCfg = Release|Any CPU
		{81561A51-E512-47B5-A29A-7D2F41B31F16}.Release|Any CPU.Build.0 = Release|Any CPU
		{81561A51-E512-47B5-A29A-7D2F41B31F16}.Release|x64.ActiveCfg = Release|Any CPU
		{81561A51-E512-47B5-A29A-7D2F41B31F16}.Release|x64.Build.0 = Release|Any CPU
		{81561A51-E512-47B5-A29A-7D2F41B31F16}.Release|x86.ActiveCfg = Release|Any CPU
		{81561A51-E512-47B5-A29A-7D2F41B31F16}.Release|x86.Build.0 = Release|Any CPU
		{BE88DD24-FF56-4347-9C36-94BA7AC73582}.Debug|Any CPU.ActiveCfg = Debug|Any CPU
		{BE88DD24-FF56-4347-9C36-94BA7AC73582}.Debug|Any CPU.Build.0 = Debug|Any CPU
		{BE88DD24-FF56-4347-9C36-94BA7AC73582}.Debug|x64.ActiveCfg = Debug|Any CPU
		{BE88DD24-FF56-4347-9C36-94BA7AC73582}.Debug|x64.Build.0 = Debug|Any CPU
		{BE88DD24-FF56-4347-9C36-94BA7AC73582}.Debug|x86.ActiveCfg = Debug|Any CPU
		{BE88DD24-FF56-4347-9C36-94BA7AC73582}.Debug|x86.Build.0 = Debug|Any CPU
		{BE88DD24-FF56-4347-9C36-94BA7AC73582}.Release|Any CPU.ActiveCfg = Release|Any CPU
		{BE88DD24-FF56-4347-9C36-94BA7AC73582}.Release|Any CPU.Build.0 = Release|Any CPU
		{BE88DD24-FF56-4347-9C36-94BA7AC73582}.Release|x64.ActiveCfg = Release|Any CPU
		{BE88DD24-FF56-4347-9C36-94BA7AC73582}.Release|x64.Build.0 = Release|Any CPU
		{BE88DD24-FF56-4347-9C36-94BA7AC73582}.Release|x86.ActiveCfg = Release|Any CPU
		{BE88DD24-FF56-4347-9C36-94BA7AC73582}.Release|x86.Build.0 = Release|Any CPU
		{8D87AF74-3543-4937-8415-7DB1F2DB4220}.Debug|Any CPU.ActiveCfg = Debug|Any CPU
		{8D87AF74-3543-4937-8415-7DB1F2DB4220}.Debug|Any CPU.Build.0 = Debug|Any CPU
		{8D87AF74-3543-4937-8415-7DB1F2DB4220}.Debug|x64.ActiveCfg = Debug|Any CPU
		{8D87AF74-3543-4937-8415-7DB1F2DB4220}.Debug|x64.Build.0 = Debug|Any CPU
		{8D87AF74-3543-4937-8415-7DB1F2DB4220}.Debug|x86.ActiveCfg = Debug|Any CPU
		{8D87AF74-3543-4937-8415-7DB1F2DB4220}.Debug|x86.Build.0 = Debug|Any CPU
		{8D87AF74-3543-4937-8415-7DB1F2DB4220}.Release|Any CPU.ActiveCfg = Release|Any CPU
		{8D87AF74-3543-4937-8415-7DB1F2DB4220}.Release|Any CPU.Build.0 = Release|Any CPU
		{8D87AF74-3543-4937-8415-7DB1F2DB4220}.Release|x64.ActiveCfg = Release|Any CPU
		{8D87AF74-3543-4937-8415-7DB1F2DB4220}.Release|x64.Build.0 = Release|Any CPU
		{8D87AF74-3543-4937-8415-7DB1F2DB4220}.Release|x86.ActiveCfg = Release|Any CPU
		{8D87AF74-3543-4937-8415-7DB1F2DB4220}.Release|x86.Build.0 = Release|Any CPU
		{E427BB3B-CF50-4D2A-A025-10E1114A1EBD}.Debug|Any CPU.ActiveCfg = Debug|Any CPU
		{E427BB3B-CF50-4D2A-A025-10E1114A1EBD}.Debug|Any CPU.Build.0 = Debug|Any CPU
		{E427BB3B-CF50-4D2A-A025-10E1114A1EBD}.Debug|x64.ActiveCfg = Debug|Any CPU
		{E427BB3B-CF50-4D2A-A025-10E1114A1EBD}.Debug|x64.Build.0 = Debug|Any CPU
		{E427BB3B-CF50-4D2A-A025-10E1114A1EBD}.Debug|x86.ActiveCfg = Debug|Any CPU
		{E427BB3B-CF50-4D2A-A025-10E1114A1EBD}.Debug|x86.Build.0 = Debug|Any CPU
		{E427BB3B-CF50-4D2A-A025-10E1114A1EBD}.Release|Any CPU.ActiveCfg = Release|Any CPU
		{E427BB3B-CF50-4D2A-A025-10E1114A1EBD}.Release|Any CPU.Build.0 = Release|Any CPU
		{E427BB3B-CF50-4D2A-A025-10E1114A1EBD}.Release|x64.ActiveCfg = Release|Any CPU
		{E427BB3B-CF50-4D2A-A025-10E1114A1EBD}.Release|x64.Build.0 = Release|Any CPU
		{E427BB3B-CF50-4D2A-A025-10E1114A1EBD}.Release|x86.ActiveCfg = Release|Any CPU
		{E427BB3B-CF50-4D2A-A025-10E1114A1EBD}.Release|x86.Build.0 = Release|Any CPU
	EndGlobalSection
	GlobalSection(SolutionProperties) = preSolution
		HideSolutionNode = FALSE
	EndGlobalSection
	GlobalSection(ExtensibilityGlobals) = postSolution
		SolutionGuid = {5BDCFA00-442B-4AB6-AE66-D3F462145081}
	EndGlobalSection
EndGlobal
